<?xml version="1.0" encoding="utf-8"?>
<Project ToolsVersion="4.0" xmlns="http://schemas.microsoft.com/developer/msbuild/2003">
  <ItemGroup>
    <Object Include="Debug\Game.obj" />
    <Object Include="Debug\main.obj" />
    <Object Include="Debug\RenderSystem.obj" />
  </ItemGroup>
  <ItemGroup>
    <ClCompile Include="Command.cpp" />
    <ClCompile Include="ConcreteCommand.cpp" />
    <ClCompile Include="Game.cpp" />
    <ClCompile Include="main.cpp" />
    <ClCompile Include="SdlVector.cpp" />
    <ClCompile Include="Systems\RenderSystem.cpp" />
    <ClCompile Include="ControlSystem.cpp" />
    <ClCompile Include="InputHandler.cpp" />
  </ItemGroup>
  <ItemGroup>
    <ClInclude Include="Command.h" />
    <ClInclude Include="Components\Components.h" />
    <ClInclude Include="ConcreteCommand.h" />
    <ClInclude Include="ControlSystem.h" />
    <ClInclude Include="Entities\Entities.h" />
    <ClInclude Include="Game.h" />
    <ClInclude Include="Resource Manager\Resource.h" />
    <ClInclude Include="Systems\RenderSystem.h" />
    <ClInclude Include="Systems\System.h" />
    <ClInclude Include="SdlVector.h" />
    <ClInclude Include="InputHandler.h" />
  </ItemGroup>
  <ItemGroup>
    <None Include="Debug\vc141.idb" />
    <None Include="Debug\vc141.pdb" />
  </ItemGroup>
  <ItemGroup>
    <Text Include="Debug\ARGO_Team_D.log" />
  </ItemGroup>
</Project>